
Microsoft Visual Studio Solution File, Format Version 12.00
# Visual Studio 15
VisualStudioVersion = 15.0.27130.2020
MinimumVisualStudioVersion = 10.0.40219.1
Project("{9A19103F-16F7-4668-BE54-9A1E7A4F7556}") = "p1", "p1\p1.csproj", "{88920EE1-6972-48EF-96E3-26A3345F0406}"
EndProject
Project("{FAE04EC0-301F-11D3-BF4B-00C04F79EFBC}") = "p2", "p2\p2.csproj", "{D8BC9076-53D3-4571-BFB4-86FAEFD201C0}"
EndProject
Global
	GlobalSection(SolutionConfigurationPlatforms) = preSolution
		Debug|Any CPU = Debug|Any CPU
		Release|Any CPU = Release|Any CPU
	EndGlobalSection
	GlobalSection(ProjectConfigurationPlatforms) = postSolution
		{88920EE1-6972-48EF-96E3-26A3345F0406}.Debug|Any CPU.ActiveCfg = Debug|Any CPU
		{88920EE1-6972-48EF-96E3-26A3345F0406}.Debug|Any CPU.Build.0 = Debug|Any CPU
		{88920EE1-6972-48EF-96E3-26A3345F0406}.Release|Any CPU.ActiveCfg = Release|Any CPU
		{88920EE1-6972-48EF-96E3-26A3345F0406}.Release|Any CPU.Build.0 = Release|Any CPU
		{D8BC9076-53D3-4571-BFB4-86FAEFD201C0}.Debug|Any CPU.ActiveCfg = Debug|Any CPU
		{D8BC9076-53D3-4571-BFB4-86FAEFD201C0}.Debug|Any CPU.Build.0 = Debug|Any CPU
		{D8BC9076-53D3-4571-BFB4-86FAEFD201C0}.Release|Any CPU.ActiveCfg = Release|Any CPU
		{D8BC9076-53D3-4571-BFB4-86FAEFD201C0}.Release|Any CPU.Build.0 = Release|Any CPU
	EndGlobalSection
	GlobalSection(SolutionProperties) = preSolution
		HideSolutionNode = FALSE
	EndGlobalSection
	GlobalSection(ExtensibilityGlobals) = postSolution
		SolutionGuid = {DA722140-88C2-47A0-87AF-E646EAAF09A2}
	EndGlobalSection
EndGlobal
